
Microsoft Visual Studio Solution File, Format Version 12.00
# Visual Studio Version 17
VisualStudioVersion = 17.8.34525.116
MinimumVisualStudioVersion = 10.0.40219.1
Project("{FAE04EC0-301F-11D3-BF4B-00C04F79EFBC}") = "piсtures", "piсtures\piсtures.csproj", "{C5F80481-08FD-4616-9888-0E7AB0A78155}"
EndProject
Global
	GlobalSection(SolutionConfigurationPlatforms) = preSolution
		Debug|Any CPU = Debug|Any CPU
		Release|Any CPU = Release|Any CPU
	EndGlobalSection
	GlobalSection(ProjectConfigurationPlatforms) = postSolution
		{C5F80481-08FD-4616-9888-0E7AB0A78155}.Debug|Any CPU.ActiveCfg = Debug|Any CPU
		{C5F80481-08FD-4616-9888-0E7AB0A78155}.Debug|Any CPU.Build.0 = Debug|Any CPU
		{C5F80481-08FD-4616-9888-0E7AB0A78155}.Release|Any CPU.ActiveCfg = Release|Any CPU
		{C5F80481-08FD-4616-9888-0E7AB0A78155}.Release|Any CPU.Build.0 = Release|Any CPU
	EndGlobalSection
	GlobalSection(SolutionProperties) = preSolution
		HideSolutionNode = FALSE
	EndGlobalSection
	GlobalSection(ExtensibilityGlobals) = postSolution
		SolutionGuid = {DA39E125-976D-435E-9D2C-59C0414A4A71}
	EndGlobalSection
EndGlobal
